// !$*UTF8*$!
{
	archiveVersion = 1;
	classes = {
	};
	objectVersion = 46;
	objects = {

/* Begin PBXBuildFile section */
		C71B966C198EFCA500A8201D /* Foundation.framework in Frameworks */ = {isa = PBXBuildFile; fileRef = C71B966B198EFCA500A8201D /* Foundation.framework */; };
		C71B966E198EFCA500A8201D /* CoreGraphics.framework in Frameworks */ = {isa = PBXBuildFile; fileRef = C71B966D198EFCA500A8201D /* CoreGraphics.framework */; };
		C71B9670198EFCA500A8201D /* UIKit.framework in Frameworks */ = {isa = PBXBuildFile; fileRef = C71B966F198EFCA500A8201D /* UIKit.framework */; };
		C71B9676198EFCA500A8201D /* InfoPlist.strings in Resources */ = {isa = PBXBuildFile; fileRef = C71B9674198EFCA500A8201D /* InfoPlist.strings */; };
		C71B9678198EFCA500A8201D /* main.m in Sources */ = {isa = PBXBuildFile; fileRef = C71B9677198EFCA500A8201D /* main.m */; };
		C71B967C198EFCA500A8201D /* TEAAppDelegate.m in Sources */ = {isa = PBXBuildFile; fileRef = C71B967B198EFCA500A8201D /* TEAAppDelegate.m */; };
		C71B967F198EFCA500A8201D /* Main.storyboard in Resources */ = {isa = PBXBuildFile; fileRef = C71B967D198EFCA500A8201D /* Main.storyboard */; };
		C71B9682198EFCA500A8201D /* TEAViewController.m in Sources */ = {isa = PBXBuildFile; fileRef = C71B9681198EFCA500A8201D /* TEAViewController.m */; };
		C71B9684198EFCA500A8201D /* Images.xcassets in Resources */ = {isa = PBXBuildFile; fileRef = C71B9683198EFCA500A8201D /* Images.xcassets */; };
		C71B968B198EFCA500A8201D /* XCTest.framework in Frameworks */ = {isa = PBXBuildFile; fileRef = C71B968A198EFCA500A8201D /* XCTest.framework */; };
		C71B968C198EFCA500A8201D /* Foundation.framework in Frameworks */ = {isa = PBXBuildFile; fileRef = C71B966B198EFCA500A8201D /* Foundation.framework */; };
		C71B968D198EFCA500A8201D /* UIKit.framework in Frameworks */ = {isa = PBXBuildFile; fileRef = C71B966F198EFCA500A8201D /* UIKit.framework */; };
		C71B9695198EFCA500A8201D /* InfoPlist.strings in Resources */ = {isa = PBXBuildFile; fileRef = C71B9693198EFCA500A8201D /* InfoPlist.strings */; };
		C71B9697198EFCA500A8201D /* Prereq_for_Overdue_AssignmentTests.m in Sources */ = {isa = PBXBuildFile; fileRef = C71B9696198EFCA500A8201D /* Prereq_for_Overdue_AssignmentTests.m */; };
/* End PBXBuildFile section */

/* Begin PBXContainerItemProxy section */
		C71B968E198EFCA500A8201D /* PBXContainerItemProxy */ = {
			isa = PBXContainerItemProxy;
			containerPortal = C71B9660198EFCA400A8201D /* Project object */;
			proxyType = 1;
			remoteGlobalIDString = C71B9667198EFCA400A8201D;
			remoteInfo = "Prereq for Overdue Assignment";
		};
/* End PBXContainerItemProxy section */

/* Begin PBXFileReference section */
		C71B9668198EFCA400A8201D /* Prereq for Overdue Assignment.app */ = {isa = PBXFileReference; explicitFileType = wrapper.application; includeInIndex = 0; path = "Prereq for Overdue Assignment.app"; sourceTree = BUILT_PRODUCTS_DIR; };
		C71B966B198EFCA500A8201D /* Foundation.framework */ = {isa = PBXFileReference; lastKnownFileType = wrapper.framework; name = Foundation.framework; path = System/Library/Frameworks/Foundation.framework; sourceTree = SDKROOT; };
		C71B966D198EFCA500A8201D /* CoreGraphics.framework */ = {isa = PBXFileReference; lastKnownFileType = wrapper.framework; name = CoreGraphics.framework; path = System/Library/Frameworks/CoreGraphics.framework; sourceTree = SDKROOT; };
		C71B966F198EFCA500A8201D /* UIKit.framework */ = {isa = PBXFileReference; lastKnownFileType = wrapper.framework; name = UIKit.framework; path = System/Library/Frameworks/UIKit.framework; sourceTree = SDKROOT; };
		C71B9673198EFCA500A8201D /* Prereq for Overdue Assignment-Info.plist */ = {isa = PBXFileReference; lastKnownFileType = text.plist.xml; path = "Prereq for Overdue Assignment-Info.plist"; sourceTree = "<group>"; };
		C71B9675198EFCA500A8201D /* en */ = {isa = PBXFileReference; lastKnownFileType = text.plist.strings; name = en; path = en.lproj/InfoPlist.strings; sourceTree = "<group>"; };
		C71B9677198EFCA500A8201D /* main.m */ = {isa = PBXFileReference; lastKnownFileType = sourcecode.c.objc; path = main.m; sourceTree = "<group>"; };
		C71B9679198EFCA500A8201D /* Prereq for Overdue Assignment-Prefix.pch */ = {isa = PBXFileReference; lastKnownFileType = sourcecode.c.h; path = "Prereq for Overdue Assignment-Prefix.pch"; sourceTree = "<group>"; };
		C71B967A198EFCA500A8201D /* TEAAppDelegate.h */ = {isa = PBXFileReference; lastKnownFileType = sourcecode.c.h; path = TEAAppDelegate.h; sourceTree = "<group>"; };
		C71B967B198EFCA500A8201D /* TEAAppDelegate.m */ = {isa = PBXFileReference; lastKnownFileType = sourcecode.c.objc; path = TEAAppDelegate.m; sourceTree = "<group>"; };
		C71B967E198EFCA500A8201D /* Base */ = {isa = PBXFileReference; lastKnownFileType = file.storyboard; name = Base; path = Base.lproj/Main.storyboard; sourceTree = "<group>"; };
		C71B9680198EFCA500A8201D /* TEAViewController.h */ = {isa = PBXFileReference; lastKnownFileType = sourcecode.c.h; path = TEAViewController.h; sourceTree = "<group>"; };
		C71B9681198EFCA500A8201D /* TEAViewController.m */ = {isa = PBXFileReference; lastKnownFileType = sourcecode.c.objc; path = TEAViewController.m; sourceTree = "<group>"; };
		C71B9683198EFCA500A8201D /* Images.xcassets */ = {isa = PBXFileReference; lastKnownFileType = folder.assetcatalog; path = Images.xcassets; sourceTree = "<group>"; };
		C71B9689198EFCA500A8201D /* Prereq for Overdue AssignmentTests.xctest */ = {isa = PBXFileReference; explicitFileType = wrapper.cfbundle; includeInIndex = 0; path = "Prereq for Overdue AssignmentTests.xctest"; sourceTree = BUILT_PRODUCTS_DIR; };
		C71B968A198EFCA500A8201D /* XCTest.framework */ = {isa = PBXFileReference; lastKnownFileType = wrapper.framework; name = XCTest.framework; path = Library/Frameworks/XCTest.framework; sourceTree = DEVELOPER_DIR; };
		C71B9692198EFCA500A8201D /* Prereq for Overdue AssignmentTests-Info.plist */ = {isa = PBXFileReference; lastKnownFileType = text.plist.xml; path = "Prereq for Overdue AssignmentTests-Info.plist"; sourceTree = "<group>"; };
		C71B9694198EFCA500A8201D /* en */ = {isa = PBXFileReference; lastKnownFileType = text.plist.strings; name = en; path = en.lproj/InfoPlist.strings; sourceTree = "<group>"; };
		C71B9696198EFCA500A8201D /* Prereq_for_Overdue_AssignmentTests.m */ = {isa = PBXFileReference; lastKnownFileType = sourcecode.c.objc; path = Prereq_for_Overdue_AssignmentTests.m; sourceTree = "<group>"; };
/* End PBXFileReference section */

/* Begin PBXFrameworksBuildPhase section */
		C71B9665198EFCA400A8201D /* Frameworks */ = {
			isa = PBXFrameworksBuildPhase;
			buildActionMask = 2147483647;
			files = (
				C71B966E198EFCA500A8201D /* CoreGraphics.framework in Frameworks */,
				C71B9670198EFCA500A8201D /* UIKit.framework in Frameworks */,
				C71B966C198EFCA500A8201D /* Foundation.framework in Frameworks */,
			);
			runOnlyForDeploymentPostprocessing = 0;
		};
		C71B9686198EFCA500A8201D /* Frameworks */ = {
			isa = PBXFrameworksBuildPhase;
			buildActionMask = 2147483647;
			files = (
				C71B968B198EFCA500A8201D /* XCTest.framework in Frameworks */,
				C71B968D198EFCA500A8201D /* UIKit.framework in Frameworks */,
				C71B968C198EFCA500A8201D /* Foundation.framework in Frameworks */,
			);
			runOnlyForDeploymentPostprocessing = 0;
		};
/* End PBXFrameworksBuildPhase section */

/* Begin PBXGroup section */
		C71B965F198EFCA400A8201D = {
			isa = PBXGroup;
			children = (
				C71B9671198EFCA500A8201D /* Prereq for Overdue Assignment */,
				C71B9690198EFCA500A8201D /* Prereq for Overdue AssignmentTests */,
				C71B966A198EFCA400A8201D /* Frameworks */,
				C71B9669198EFCA400A8201D /* Products */,
			);
			sourceTree = "<group>";
		};
		C71B9669198EFCA400A8201D /* Products */ = {
			isa = PBXGroup;
			children = (
				C71B9668198EFCA400A8201D /* Prereq for Overdue Assignment.app */,
				C71B9689198EFCA500A8201D /* Prereq for Overdue AssignmentTests.xctest */,
			);
			name = Products;
			sourceTree = "<group>";
		};
		C71B966A198EFCA400A8201D /* Frameworks */ = {
			isa = PBXGroup;
			children = (
				C71B966B198EFCA500A8201D /* Foundation.framework */,
				C71B966D198EFCA500A8201D /* CoreGraphics.framework */,
				C71B966F198EFCA500A8201D /* UIKit.framework */,
				C71B968A198EFCA500A8201D /* XCTest.framework */,
			);
			name = Frameworks;
			sourceTree = "<group>";
		};
		C71B9671198EFCA500A8201D /* Prereq for Overdue Assignment */ = {
			isa = PBXGroup;
			children = (
				C71B967A198EFCA500A8201D /* TEAAppDelegate.h */,
				C71B967B198EFCA500A8201D /* TEAAppDelegate.m */,
				C71B967D198EFCA500A8201D /* Main.storyboard */,
				C71B9680198EFCA500A8201D /* TEAViewController.h */,
				C71B9681198EFCA500A8201D /* TEAViewController.m */,
				C71B9683198EFCA500A8201D /* Images.xcassets */,
				C71B9672198EFCA500A8201D /* Supporting Files */,
			);
			path = "Prereq for Overdue Assignment";
			sourceTree = "<group>";
		};
		C71B9672198EFCA500A8201D /* Supporting Files */ = {
			isa = PBXGroup;
			children = (
				C71B9673198EFCA500A8201D /* Prereq for Overdue Assignment-Info.plist */,
				C71B9674198EFCA500A8201D /* InfoPlist.strings */,
				C71B9677198EFCA500A8201D /* main.m */,
				C71B9679198EFCA500A8201D /* Prereq for Overdue Assignment-Prefix.pch */,
			);
			name = "Supporting Files";
			sourceTree = "<group>";
		};
		C71B9690198EFCA500A8201D /* Prereq for Overdue AssignmentTests */ = {
			isa = PBXGroup;
			children = (
				C71B9696198EFCA500A8201D /* Prereq_for_Overdue_AssignmentTests.m */,
				C71B9691198EFCA500A8201D /* Supporting Files */,
			);
			path = "Prereq for Overdue AssignmentTests";
			sourceTree = "<group>";
		};
		C71B9691198EFCA500A8201D /* Supporting Files */ = {
			isa = PBXGroup;
			children = (
				C71B9692198EFCA500A8201D /* Prereq for Overdue AssignmentTests-Info.plist */,
				C71B9693198EFCA500A8201D /* InfoPlist.strings */,
			);
			name = "Supporting Files";
			sourceTree = "<group>";
		};
/* End PBXGroup section */

/* Begin PBXNativeTarget section */
		C71B9667198EFCA400A8201D /* Prereq for Overdue Assignment */ = {
			isa = PBXNativeTarget;
			buildConfigurationList = C71B969A198EFCA500A8201D /* Build configuration list for PBXNativeTarget "Prereq for Overdue Assignment" */;
			buildPhases = (
				C71B9664198EFCA400A8201D /* Sources */,
				C71B9665198EFCA400A8201D /* Frameworks */,
				C71B9666198EFCA400A8201D /* Resources */,
			);
			buildRules = (
			);
			dependencies = (
			);
			name = "Prereq for Overdue Assignment";
			productName = "Prereq for Overdue Assignment";
			productReference = C71B9668198EFCA400A8201D /* Prereq for Overdue Assignment.app */;
			productType = "com.apple.product-type.application";
		};
		C71B9688198EFCA500A8201D /* Prereq for Overdue AssignmentTests */ = {
			isa = PBXNativeTarget;
			buildConfigurationList = C71B969D198EFCA500A8201D /* Build configuration list for PBXNativeTarget "Prereq for Overdue AssignmentTests" */;
			buildPhases = (
				C71B9685198EFCA500A8201D /* Sources */,
				C71B9686198EFCA500A8201D /* Frameworks */,
				C71B9687198EFCA500A8201D /* Resources */,
			);
			buildRules = (
			);
			dependencies = (
				C71B968F198EFCA500A8201D /* PBXTargetDependency */,
			);
			name = "Prereq for Overdue AssignmentTests";
			productName = "Prereq for Overdue AssignmentTests";
			productReference = C71B9689198EFCA500A8201D /* Prereq for Overdue AssignmentTests.xctest */;
			productType = "com.apple.product-type.bundle.unit-test";
		};
/* End PBXNativeTarget section */

/* Begin PBXProject section */
		C71B9660198EFCA400A8201D /* Project object */ = {
			isa = PBXProject;
			attributes = {
				CLASSPREFIX = TEA;
				LastUpgradeCheck = 0510;
				ORGANIZATIONNAME = "Tony Angelo";
				TargetAttributes = {
					C71B9688198EFCA500A8201D = {
						TestTargetID = C71B9667198EFCA400A8201D;
					};
				};
			};
			buildConfigurationList = C71B9663198EFCA400A8201D /* Build configuration list for PBXProject "Prereq for Overdue Assignment" */;
			compatibilityVersion = "Xcode 3.2";
			developmentRegion = English;
			hasScannedForEncodings = 0;
			knownRegions = (
				en,
				Base,
			);
			mainGroup = C71B965F198EFCA400A8201D;
			productRefGroup = C71B9669198EFCA400A8201D /* Products */;
			projectDirPath = "";
			projectRoot = "";
			targets = (
				C71B9667198EFCA400A8201D /* Prereq for Overdue Assignment */,
				C71B9688198EFCA500A8201D /* Prereq for Overdue AssignmentTests */,
			);
		};
/* End PBXProject section */

/* Begin PBXResourcesBuildPhase section */
		C71B9666198EFCA400A8201D /* Resources */ = {
			isa = PBXResourcesBuildPhase;
			buildActionMask = 2147483647;
			files = (
				C71B9684198EFCA500A8201D /* Images.xcassets in Resources */,
				C71B9676198EFCA500A8201D /* InfoPlist.strings in Resources */,
				C71B967F198EFCA500A8201D /* Main.storyboard in Resources */,
			);
			runOnlyForDeploymentPostprocessing = 0;
		};
		C71B9687198EFCA500A8201D /* Resources */ = {
			isa = PBXResourcesBuildPhase;
			buildActionMask = 2147483647;
			files = (
				C71B9695198EFCA500A8201D /* InfoPlist.strings in Resources */,
			);
			runOnlyForDeploymentPostprocessing = 0;
		};
/* End PBXResourcesBuildPhase section */

/* Begin PBXSourcesBuildPhase section */
		C71B9664198EFCA400A8201D /* Sources */ = {
			isa = PBXSourcesBuildPhase;
			buildActionMask = 2147483647;
			files = (
				C71B9682198EFCA500A8201D /* TEAViewController.m in Sources */,
				C71B9678198EFCA500A8201D /* main.m in Sources */,
				C71B967C198EFCA500A8201D /* TEAAppDelegate.m in Sources */,
			);
			runOnlyForDeploymentPostprocessing = 0;
		};
		C71B9685198EFCA500A8201D /* Sources */ = {
			isa = PBXSourcesBuildPhase;
			buildActionMask = 2147483647;
			files = (
				C71B9697198EFCA500A8201D /* Prereq_for_Overdue_AssignmentTests.m in Sources */,
			);
			runOnlyForDeploymentPostprocessing = 0;
		};
/* End PBXSourcesBuildPhase section */

/* Begin PBXTargetDependency section */
		C71B968F198EFCA500A8201D /* PBXTargetDependency */ = {
			isa = PBXTargetDependency;
			target = C71B9667198EFCA400A8201D /* Prereq for Overdue Assignment */;
			targetProxy = C71B968E198EFCA500A8201D /* PBXContainerItemProxy */;
		};
/* End PBXTargetDependency section */

/* Begin PBXVariantGroup section */
		C71B9674198EFCA500A8201D /* InfoPlist.strings */ = {
			isa = PBXVariantGroup;
			children = (
				C71B9675198EFCA500A8201D /* en */,
			);
			name = InfoPlist.strings;
			sourceTree = "<group>";
		};
		C71B967D198EFCA500A8201D /* Main.storyboard */ = {
			isa = PBXVariantGroup;
			children = (
				C71B967E198EFCA500A8201D /* Base */,
			);
			name = Main.storyboard;
			sourceTree = "<group>";
		};
		C71B9693198EFCA500A8201D /* InfoPlist.strings */ = {
			isa = PBXVariantGroup;
			children = (
				C71B9694198EFCA500A8201D /* en */,
			);
			name = InfoPlist.strings;
			sourceTree = "<group>";
		};
/* End PBXVariantGroup section */

/* Begin XCBuildConfiguration section */
		C71B9698198EFCA500A8201D /* Debug */ = {
			isa = XCBuildConfiguration;
			buildSettings = {
				ALWAYS_SEARCH_USER_PATHS = NO;
				CLANG_CXX_LANGUAGE_STANDARD = "gnu++0x";
				CLANG_CXX_LIBRARY = "libc++";
				CLANG_ENABLE_MODULES = YES;
				CLANG_ENABLE_OBJC_ARC = YES;
				CLANG_WARN_BOOL_CONVERSION = YES;
				CLANG_WARN_CONSTANT_CONVERSION = YES;
				CLANG_WARN_DIRECT_OBJC_ISA_USAGE = YES_ERROR;
				CLANG_WARN_EMPTY_BODY = YES;
				CLANG_WARN_ENUM_CONVERSION = YES;
				CLANG_WARN_INT_CONVERSION = YES;
				CLANG_WARN_OBJC_ROOT_CLASS = YES_ERROR;
				CLANG_WARN__DUPLICATE_METHOD_MATCH = YES;
				"CODE_SIGN_IDENTITY[sdk=iphoneos*]" = "iPhone Developer";
				COPY_PHASE_STRIP = NO;
				GCC_C_LANGUAGE_STANDARD = gnu99;
				GCC_DYNAMIC_NO_PIC = NO;
				GCC_OPTIMIZATION_LEVEL = 0;
				GCC_PREPROCESSOR_DEFINITIONS = (
					"DEBUG=1",
					"$(inherited)",
				);
				GCC_SYMBOLS_PRIVATE_EXTERN = NO;
				GCC_WARN_64_TO_32_BIT_CONVERSION = YES;
				GCC_WARN_ABOUT_RETURN_TYPE = YES_ERROR;
				GCC_WARN_UNDECLARED_SELECTOR = YES;
				GCC_WARN_UNINITIALIZED_AUTOS = YES_AGGRESSIVE;
				GCC_WARN_UNUSED_FUNCTION = YES;
				GCC_WARN_UNUSED_VARIABLE = YES;
				IPHONEOS_DEPLOYMENT_TARGET = 7.1;
				ONLY_ACTIVE_ARCH = YES;
				SDKROOT = iphoneos;
			};
			name = Debug;
		};
		C71B9699198EFCA500A8201D /* Release */ = {
			isa = XCBuildConfiguration;
			buildSettings = {
				ALWAYS_SEARCH_USER_PATHS = NO;
				CLANG_CXX_LANGUAGE_STANDARD = "gnu++0x";
				CLANG_CXX_LIBRARY = "libc++";
				CLANG_ENABLE_MODULES = YES;
				CLANG_ENABLE_OBJC_ARC = YES;
				CLANG_WARN_BOOL_CONVERSION = YES;
				CLANG_WARN_CONSTANT_CONVERSION = YES;
				CLANG_WARN_DIRECT_OBJC_ISA_USAGE = YES_ERROR;
				CLANG_WARN_EMPTY_BODY = YES;
				CLANG_WARN_ENUM_CONVERSION = YES;
				CLANG_WARN_INT_CONVERSION = YES;
				CLANG_WARN_OBJC_ROOT_CLASS = YES_ERROR;
				CLANG_WARN__DUPLICATE_METHOD_MATCH = YES;
				"CODE_SIGN_IDENTITY[sdk=iphoneos*]" = "iPhone Developer";
				COPY_PHASE_STRIP = YES;
				ENABLE_NS_ASSERTIONS = NO;
				GCC_C_LANGUAGE_STANDARD = gnu99;
				GCC_WARN_64_TO_32_BIT_CONVERSION = YES;
				GCC_WARN_ABOUT_RETURN_TYPE = YES_ERROR;
				GCC_WARN_UNDECLARED_SELECTOR = YES;
				GCC_WARN_UNINITIALIZED_AUTOS = YES_AGGRESSIVE;
				GCC_WARN_UNUSED_FUNCTION = YES;
				GCC_WARN_UNUSED_VARIABLE = YES;
				IPHONEOS_DEPLOYMENT_TARGET = 7.1;
				SDKROOT = iphoneos;
				VALIDATE_PRODUCT = YES;
			};
			name = Release;
		};
		C71B969B198EFCA500A8201D /* Debug */ = {
			isa = XCBuildConfiguration;
			buildSettings = {
				ASSETCATALOG_COMPILER_APPICON_NAME = AppIcon;
				ASSETCATALOG_COMPILER_LAUNCHIMAGE_NAME = LaunchImage;
				GCC_PRECOMPILE_PREFIX_HEADER = YES;
				GCC_PREFIX_HEADER = "Prereq for Overdue Assignment/Prereq for Overdue Assignment-Prefix.pch";
				INFOPLIST_FILE = "Prereq for Overdue Assignment/Prereq for Overdue Assignment-Info.plist";
				PRODUCT_NAME = "$(TARGET_NAME)";
				WRAPPER_EXTENSION = app;
			};
			name = Debug;
		};
		C71B969C198EFCA500A8201D /* Release */ = {
			isa = XCBuildConfiguration;
			buildSettings = {
				ASSETCATALOG_COMPILER_APPICON_NAME = AppIcon;
				ASSETCATALOG_COMPILER_LAUNCHIMAGE_NAME = LaunchImage;
				GCC_PRECOMPILE_PREFIX_HEADER = YES;
				GCC_PREFIX_HEADER = "Prereq for Overdue Assignment/Prereq for Overdue Assignment-Prefix.pch";
				INFOPLIST_FILE = "Prereq for Overdue Assignment/Prereq for Overdue Assignment-Info.plist";
				PRODUCT_NAME = "$(TARGET_NAME)";
				WRAPPER_EXTENSION = app;
			};
			name = Release;
		};
		C71B969E198EFCA500A8201D /* Debug */ = {
			isa = XCBuildConfiguration;
			buildSettings = {
				BUNDLE_LOADER = "$(BUILT_PRODUCTS_DIR)/Prereq for Overdue Assignment.app/Prereq for Overdue Assignment";
				FRAMEWORK_SEARCH_PATHS = (
					"$(SDKROOT)/Developer/Library/Frameworks",
					"$(inherited)",
					"$(DEVELOPER_FRAMEWORKS_DIR)",
				);
				GCC_PRECOMPILE_PREFIX_HEADER = YES;
				GCC_PREFIX_HEADER = "Prereq for Overdue Assignment/Prereq for Overdue Assignment-Prefix.pch";
				GCC_PREPROCESSOR_DEFINITIONS = (
					"DEBUG=1",
					"$(inherited)",
				);
				INFOPLIST_FILE = "Prereq for Overdue AssignmentTests/Prereq for Overdue AssignmentTests-Info.plist";
				PRODUCT_NAME = "$(TARGET_NAME)";
				TEST_HOST = "$(BUNDLE_LOADER)";
				WRAPPER_EXTENSION = xctest;
			};
			name = Debug;
		};
		C71B969F198EFCA500A8201D /* Release */ = {
			isa = XCBuildConfiguration;
			buildSettings = {
				BUNDLE_LOADER = "$(BUILT_PRODUCTS_DIR)/Prereq for Overdue Assignment.app/Prereq for Overdue Assignment";
				FRAMEWORK_SEARCH_PATHS = (
					"$(SDKROOT)/Developer/Library/Frameworks",
					"$(inherited)",
					"$(DEVELOPER_FRAMEWORKS_DIR)",
				);
				GCC_PRECOMPILE_PREFIX_HEADER = YES;
				GCC_PREFIX_HEADER = "Prereq for Overdue Assignment/Prereq for Overdue Assignment-Prefix.pch";
				INFOPLIST_FILE = "Prereq for Overdue AssignmentTests/Prereq for Overdue AssignmentTests-Info.plist";
				PRODUCT_NAME = "$(TARGET_NAME)";
				TEST_HOST = "$(BUNDLE_LOADER)";
				WRAPPER_EXTENSION = xctest;
			};
			name = Release;
		};
/* End XCBuildConfiguration section */

/* Begin XCConfigurationList section */
		C71B9663198EFCA400A8201D /* Build configuration list for PBXProject "Prereq for Overdue Assignment" */ = {
			isa = XCConfigurationList;
			buildConfigurations = (
				C71B9698198EFCA500A8201D /* Debug */,
				C71B9699198EFCA500A8201D /* Release */,
			);
			defaultConfigurationIsVisible = 0;
			defaultConfigurationName = Release;
		};
		C71B969A198EFCA500A8201D /* Build configuration list for PBXNativeTarget "Prereq for Overdue Assignment" */ = {
			isa = XCConfigurationList;
			buildConfigurations = (
				C71B969B198EFCA500A8201D /* Debug */,
				C71B969C198EFCA500A8201D /* Release */,
			);
			defaultConfigurationIsVisible = 0;
		};
		C71B969D198EFCA500A8201D /* Build configuration list for PBXNativeTarget "Prereq for Overdue AssignmentTests" */ = {
			isa = XCConfigurationList;
			buildConfigurations = (
				C71B969E198EFCA500A8201D /* Debug */,
				C71B969F198EFCA500A8201D /* Release */,
			);
			defaultConfigurationIsVisible = 0;
		};
/* End XCConfigurationList section */
	};
	rootObject = C71B9660198EFCA400A8201D /* Project object */;
}
